
Microsoft Visual Studio Solution File, Format Version 12.00
# Visual Studio 15
VisualStudioVersion = 15.0.27428.2005
MinimumVisualStudioVersion = 10.0.40219.1
Project("{FAE04EC0-301F-11D3-BF4B-00C04F79EFBC}") = "HandsOn", "HandsOn\HandsOn.csproj", "{08602EC7-8093-4CFF-BC51-AE02A38995C8}"
EndProject
Project("{FAE04EC0-301F-11D3-BF4B-00C04F79EFBC}") = "HandsOnWeb", "HandsOnWeb\HandsOnWeb.csproj", "{FBB22F06-1CCA-4F07-BFF3-613B0D92D77C}"
EndProject
Global
	GlobalSection(SolutionConfigurationPlatforms) = preSolution
		Debug|Any CPU = Debug|Any CPU
		Release|Any CPU = Release|Any CPU
	EndGlobalSection
	GlobalSection(ProjectConfigurationPlatforms) = postSolution
		{08602EC7-8093-4CFF-BC51-AE02A38995C8}.Debug|Any CPU.ActiveCfg = Debug|Any CPU
		{08602EC7-8093-4CFF-BC51-AE02A38995C8}.Debug|Any CPU.Build.0 = Debug|Any CPU
		{08602EC7-8093-4CFF-BC51-AE02A38995C8}.Release|Any CPU.ActiveCfg = Release|Any CPU
		{08602EC7-8093-4CFF-BC51-AE02A38995C8}.Release|Any CPU.Build.0 = Release|Any CPU
		{FBB22F06-1CCA-4F07-BFF3-613B0D92D77C}.Debug|Any CPU.ActiveCfg = Debug|Any CPU
		{FBB22F06-1CCA-4F07-BFF3-613B0D92D77C}.Debug|Any CPU.Build.0 = Debug|Any CPU
		{FBB22F06-1CCA-4F07-BFF3-613B0D92D77C}.Release|Any CPU.ActiveCfg = Release|Any CPU
		{FBB22F06-1CCA-4F07-BFF3-613B0D92D77C}.Release|Any CPU.Build.0 = Release|Any CPU
	EndGlobalSection
	GlobalSection(SolutionProperties) = preSolution
		HideSolutionNode = FALSE
	EndGlobalSection
	GlobalSection(ExtensibilityGlobals) = postSolution
		SolutionGuid = {D2442ADB-F63E-4AED-8A95-18CF90A7B93E}
	EndGlobalSection
EndGlobal
